
Microsoft Visual Studio Solution File, Format Version 12.00
# Visual Studio 15
VisualStudioVersion = 15.0.28307.1525
MinimumVisualStudioVersion = 10.0.40219.1
Project("{FAE04EC0-301F-11D3-BF4B-00C04F79EFBC}") = "Guia6-Ej2", "Guia6-Ej2\Guia6-Ej2.csproj", "{6CAD8CB5-55C0-4A6A-B23C-80287BB75A6F}"
EndProject
Global
	GlobalSection(SolutionConfigurationPlatforms) = preSolution
		Debug|Any CPU = Debug|Any CPU
		Release|Any CPU = Release|Any CPU
	EndGlobalSection
	GlobalSection(ProjectConfigurationPlatforms) = postSolution
		{6CAD8CB5-55C0-4A6A-B23C-80287BB75A6F}.Debug|Any CPU.ActiveCfg = Debug|Any CPU
		{6CAD8CB5-55C0-4A6A-B23C-80287BB75A6F}.Debug|Any CPU.Build.0 = Debug|Any CPU
		{6CAD8CB5-55C0-4A6A-B23C-80287BB75A6F}.Release|Any CPU.ActiveCfg = Release|Any CPU
		{6CAD8CB5-55C0-4A6A-B23C-80287BB75A6F}.Release|Any CPU.Build.0 = Release|Any CPU
	EndGlobalSection
	GlobalSection(SolutionProperties) = preSolution
		HideSolutionNode = FALSE
	EndGlobalSection
	GlobalSection(ExtensibilityGlobals) = postSolution
		SolutionGuid = {287F11C0-DE54-4E3C-A367-0AB80E108CE7}
	EndGlobalSection
EndGlobal
